// !$*UTF8*$!
{
	archiveVersion = 1;
	classes = {
	};
	objectVersion = 55;
	objects = {

/* Begin PBXBuildFile section */
		D407703E2728BC7900F218DE /* RVS_CalendarInputTestHarness_AppDelegate.swift in Sources */ = {isa = PBXBuildFile; fileRef = D407703D2728BC7900F218DE /* RVS_CalendarInputTestHarness_AppDelegate.swift */; };
		D40770422728BC7900F218DE /* RVS_CalendarInputTestHarness_ViewController.swift in Sources */ = {isa = PBXBuildFile; fileRef = D40770412728BC7900F218DE /* RVS_CalendarInputTestHarness_ViewController.swift */; };
		D40770452728BC7900F218DE /* Main.storyboard in Resources */ = {isa = PBXBuildFile; fileRef = D40770432728BC7900F218DE /* Main.storyboard */; };
		D407704A2728BC7A00F218DE /* LaunchScreen.storyboard in Resources */ = {isa = PBXBuildFile; fileRef = D40770482728BC7A00F218DE /* LaunchScreen.storyboard */; };
		D40770502728BCB400F218DE /* Assets.xcassets in Resources */ = {isa = PBXBuildFile; fileRef = D407704F2728BCB400F218DE /* Assets.xcassets */; };
		D40770532728BD6C00F218DE /* RVS_CalendarInput.framework in Frameworks */ = {isa = PBXBuildFile; fileRef = D468FE502728A53A00C1CED3 /* RVS_CalendarInput.framework */; platformFilter = ios; };
		D40770542728BD6C00F218DE /* RVS_CalendarInput.framework in Embed Frameworks */ = {isa = PBXBuildFile; fileRef = D468FE502728A53A00C1CED3 /* RVS_CalendarInput.framework */; settings = {ATTRIBUTES = (CodeSignOnCopy, RemoveHeadersOnCopy, ); }; };
		D468FE5D2728A5EF00C1CED3 /* RVS_CalendarInput.swift in Sources */ = {isa = PBXBuildFile; fileRef = D468FE5C2728A5EF00C1CED3 /* RVS_CalendarInput.swift */; };
/* End PBXBuildFile section */

/* Begin PBXContainerItemProxy section */
		D40770552728BD6C00F218DE /* PBXContainerItemProxy */ = {
			isa = PBXContainerItemProxy;
			containerPortal = D468FE472728A53A00C1CED3 /* Project object */;
			proxyType = 1;
			remoteGlobalIDString = D468FE4F2728A53A00C1CED3;
			remoteInfo = RVS_CalendarInput;
		};
/* End PBXContainerItemProxy section */

/* Begin PBXCopyFilesBuildPhase section */
		D40770572728BD6C00F218DE /* Embed Frameworks */ = {
			isa = PBXCopyFilesBuildPhase;
			buildActionMask = 2147483647;
			dstPath = "";
			dstSubfolderSpec = 10;
			files = (
				D40770542728BD6C00F218DE /* RVS_CalendarInput.framework in Embed Frameworks */,
			);
			name = "Embed Frameworks";
			runOnlyForDeploymentPostprocessing = 0;
		};
/* End PBXCopyFilesBuildPhase section */

/* Begin PBXFileReference section */
		D40770302728BB8300F218DE /* jazzy.command */ = {isa = PBXFileReference; lastKnownFileType = text.script.sh; path = jazzy.command; sourceTree = SOURCE_ROOT; };
		D40770312728BB8300F218DE /* CHANGELOG.md */ = {isa = PBXFileReference; lastKnownFileType = net.daringfireball.markdown; path = CHANGELOG.md; sourceTree = SOURCE_ROOT; };
		D40770322728BB8300F218DE /* CODEOWNERS */ = {isa = PBXFileReference; lastKnownFileType = text; path = CODEOWNERS; sourceTree = SOURCE_ROOT; };
		D40770332728BB8300F218DE /* Package.swift */ = {isa = PBXFileReference; lastKnownFileType = sourcecode.swift; path = Package.swift; sourceTree = SOURCE_ROOT; };
		D40770342728BB8300F218DE /* README.md */ = {isa = PBXFileReference; lastKnownFileType = net.daringfireball.markdown; path = README.md; sourceTree = SOURCE_ROOT; };
		D407703B2728BC7900F218DE /* RVS_CalendarInputTestHarness.app */ = {isa = PBXFileReference; explicitFileType = wrapper.application; includeInIndex = 0; path = RVS_CalendarInputTestHarness.app; sourceTree = BUILT_PRODUCTS_DIR; };
		D407703D2728BC7900F218DE /* RVS_CalendarInputTestHarness_AppDelegate.swift */ = {isa = PBXFileReference; lastKnownFileType = sourcecode.swift; path = RVS_CalendarInputTestHarness_AppDelegate.swift; sourceTree = "<group>"; };
		D40770412728BC7900F218DE /* RVS_CalendarInputTestHarness_ViewController.swift */ = {isa = PBXFileReference; lastKnownFileType = sourcecode.swift; path = RVS_CalendarInputTestHarness_ViewController.swift; sourceTree = "<group>"; };
		D40770442728BC7900F218DE /* Base */ = {isa = PBXFileReference; lastKnownFileType = file.storyboard; name = Base; path = Base.lproj/Main.storyboard; sourceTree = "<group>"; };
		D40770492728BC7A00F218DE /* Base */ = {isa = PBXFileReference; lastKnownFileType = file.storyboard; name = Base; path = Base.lproj/LaunchScreen.storyboard; sourceTree = "<group>"; };
		D407704B2728BC7A00F218DE /* Info.plist */ = {isa = PBXFileReference; lastKnownFileType = text.plist.xml; path = Info.plist; sourceTree = "<group>"; };
		D407704F2728BCB400F218DE /* Assets.xcassets */ = {isa = PBXFileReference; lastKnownFileType = folder.assetcatalog; path = Assets.xcassets; sourceTree = "<group>"; };
		D468FE502728A53A00C1CED3 /* RVS_CalendarInput.framework */ = {isa = PBXFileReference; explicitFileType = wrapper.framework; includeInIndex = 0; path = RVS_CalendarInput.framework; sourceTree = BUILT_PRODUCTS_DIR; };
		D468FE5C2728A5EF00C1CED3 /* RVS_CalendarInput.swift */ = {isa = PBXFileReference; lastKnownFileType = sourcecode.swift; path = RVS_CalendarInput.swift; sourceTree = "<group>"; };
		D49359E4272DD99C002A92C5 /* RVS_GeneralObserver */ = {isa = PBXFileReference; lastKnownFileType = folder; name = RVS_GeneralObserver; path = "/Users/chrismarshall/Development/Developer/Xcode/DerivedData/RVS_CalendarInput-dnjyknozdwccvceiwqdkblhyipyb/SourcePackages/checkouts/RVS_GeneralObserver"; sourceTree = "<absolute>"; };
		D4BC598A2728A6C00031211D /* Warnings.xcconfig */ = {isa = PBXFileReference; lastKnownFileType = text.xcconfig; path = Warnings.xcconfig; sourceTree = "<group>"; };
		D4BC598F2728A84D0031211D /* .swiftlint.yml */ = {isa = PBXFileReference; lastKnownFileType = text.yaml; path = .swiftlint.yml; sourceTree = SOURCE_ROOT; };
/* End PBXFileReference section */

/* Begin PBXFrameworksBuildPhase section */
		D40770382728BC7900F218DE /* Frameworks */ = {
			isa = PBXFrameworksBuildPhase;
			buildActionMask = 2147483647;
			files = (
				D40770532728BD6C00F218DE /* RVS_CalendarInput.framework in Frameworks */,
			);
			runOnlyForDeploymentPostprocessing = 0;
		};
		D49359E3272DD98F002A92C5 /* Frameworks */ = {
			isa = PBXFrameworksBuildPhase;
			buildActionMask = 2147483647;
			files = (
			);
			runOnlyForDeploymentPostprocessing = 0;
		};
/* End PBXFrameworksBuildPhase section */

/* Begin PBXGroup section */
		D40770352728BC5800F218DE /* Tests */ = {
			isa = PBXGroup;
			children = (
				D407705D2728C18B00F218DE /* RVS_CalendarInput */,
			);
			path = Tests;
			sourceTree = "<group>";
		};
		D407703C2728BC7900F218DE /* RVS_CalendarInputTestHarness */ = {
			isa = PBXGroup;
			children = (
				D407703D2728BC7900F218DE /* RVS_CalendarInputTestHarness_AppDelegate.swift */,
				D40770412728BC7900F218DE /* RVS_CalendarInputTestHarness_ViewController.swift */,
				D40770582728BEC600F218DE /* Resources */,
				D407704B2728BC7A00F218DE /* Info.plist */,
			);
			path = RVS_CalendarInputTestHarness;
			sourceTree = "<group>";
		};
		D40770522728BD6C00F218DE /* Frameworks */ = {
			isa = PBXGroup;
			children = (
				D49359E4272DD99C002A92C5 /* RVS_GeneralObserver */,
			);
			name = Frameworks;
			sourceTree = "<group>";
		};
		D40770582728BEC600F218DE /* Resources */ = {
			isa = PBXGroup;
			children = (
				D407704F2728BCB400F218DE /* Assets.xcassets */,
				D40770432728BC7900F218DE /* Main.storyboard */,
				D40770482728BC7A00F218DE /* LaunchScreen.storyboard */,
			);
			path = Resources;
			sourceTree = "<group>";
		};
		D407705D2728C18B00F218DE /* RVS_CalendarInput */ = {
			isa = PBXGroup;
			children = (
				D407703C2728BC7900F218DE /* RVS_CalendarInputTestHarness */,
			);
			path = RVS_CalendarInput;
			sourceTree = "<group>";
		};
		D468FE462728A53A00C1CED3 = {
			isa = PBXGroup;
			children = (
				D4BC59892728A6C00031211D /* Meta */,
				D468FE5A2728A5BA00C1CED3 /* Sources */,
				D40770352728BC5800F218DE /* Tests */,
				D468FE512728A53A00C1CED3 /* Products */,
				D40770522728BD6C00F218DE /* Frameworks */,
			);
			sourceTree = "<group>";
		};
		D468FE512728A53A00C1CED3 /* Products */ = {
			isa = PBXGroup;
			children = (
				D468FE502728A53A00C1CED3 /* RVS_CalendarInput.framework */,
				D407703B2728BC7900F218DE /* RVS_CalendarInputTestHarness.app */,
			);
			name = Products;
			sourceTree = "<group>";
		};
		D468FE5A2728A5BA00C1CED3 /* Sources */ = {
			isa = PBXGroup;
			children = (
				D468FE5B2728A5BA00C1CED3 /* RVS_CalendarInput */,
			);
			path = Sources;
			sourceTree = "<group>";
		};
		D468FE5B2728A5BA00C1CED3 /* RVS_CalendarInput */ = {
			isa = PBXGroup;
			children = (
				D468FE5C2728A5EF00C1CED3 /* RVS_CalendarInput.swift */,
			);
			path = RVS_CalendarInput;
			sourceTree = "<group>";
		};
		D4BC59892728A6C00031211D /* Meta */ = {
			isa = PBXGroup;
			children = (
				D40770342728BB8300F218DE /* README.md */,
				D40770312728BB8300F218DE /* CHANGELOG.md */,
				D40770302728BB8300F218DE /* jazzy.command */,
				D40770332728BB8300F218DE /* Package.swift */,
				D4BC598F2728A84D0031211D /* .swiftlint.yml */,
				D40770322728BB8300F218DE /* CODEOWNERS */,
				D4BC598A2728A6C00031211D /* Warnings.xcconfig */,
			);
			path = Meta;
			sourceTree = "<group>";
		};
/* End PBXGroup section */

/* Begin PBXNativeTarget section */
		D407703A2728BC7900F218DE /* RVS_CalendarInputTestHarness */ = {
			isa = PBXNativeTarget;
			buildConfigurationList = D407704C2728BC7A00F218DE /* Build configuration list for PBXNativeTarget "RVS_CalendarInputTestHarness" */;
			buildPhases = (
				D40770512728BD5100F218DE /* SwiftLint */,
				D40770372728BC7900F218DE /* Sources */,
				D40770382728BC7900F218DE /* Frameworks */,
				D40770392728BC7900F218DE /* Resources */,
				D40770572728BD6C00F218DE /* Embed Frameworks */,
			);
			buildRules = (
			);
			dependencies = (
				D40770562728BD6C00F218DE /* PBXTargetDependency */,
			);
			name = RVS_CalendarInputTestHarness;
			productName = RVS_CalendarInputTestHarness;
			productReference = D407703B2728BC7900F218DE /* RVS_CalendarInputTestHarness.app */;
			productType = "com.apple.product-type.application";
		};
		D468FE4F2728A53A00C1CED3 /* RVS_CalendarInput */ = {
			isa = PBXNativeTarget;
			buildConfigurationList = D468FE572728A53A00C1CED3 /* Build configuration list for PBXNativeTarget "RVS_CalendarInput" */;
			buildPhases = (
				D4BC598D2728A75E0031211D /* SwiftLint */,
				D468FE4C2728A53A00C1CED3 /* Sources */,
				D49359E3272DD98F002A92C5 /* Frameworks */,
			);
			buildRules = (
			);
			dependencies = (
			);
			name = RVS_CalendarInput;
			packageProductDependencies = (
			);
			productName = RVS_CalendarInput;
			productReference = D468FE502728A53A00C1CED3 /* RVS_CalendarInput.framework */;
			productType = "com.apple.product-type.framework";
		};
/* End PBXNativeTarget section */

/* Begin PBXProject section */
		D468FE472728A53A00C1CED3 /* Project object */ = {
			isa = PBXProject;
			attributes = {
				BuildIndependentTargetsInParallel = 1;
				LastSwiftUpdateCheck = 1310;
				LastUpgradeCheck = 1310;
				TargetAttributes = {
					D407703A2728BC7900F218DE = {
						CreatedOnToolsVersion = 13.1;
					};
					D468FE4F2728A53A00C1CED3 = {
						CreatedOnToolsVersion = 13.1;
						LastSwiftMigration = 1310;
					};
				};
			};
			buildConfigurationList = D468FE4A2728A53A00C1CED3 /* Build configuration list for PBXProject "RVS_CalendarInput" */;
			compatibilityVersion = "Xcode 13.0";
			developmentRegion = en;
			hasScannedForEncodings = 0;
			knownRegions = (
				en,
				Base,
			);
			mainGroup = D468FE462728A53A00C1CED3;
			packageReferences = (
			);
			productRefGroup = D468FE512728A53A00C1CED3 /* Products */;
			projectDirPath = "";
			projectRoot = "";
			targets = (
				D468FE4F2728A53A00C1CED3 /* RVS_CalendarInput */,
				D407703A2728BC7900F218DE /* RVS_CalendarInputTestHarness */,
			);
		};
/* End PBXProject section */

/* Begin PBXResourcesBuildPhase section */
		D40770392728BC7900F218DE /* Resources */ = {
			isa = PBXResourcesBuildPhase;
			buildActionMask = 2147483647;
			files = (
				D407704A2728BC7A00F218DE /* LaunchScreen.storyboard in Resources */,
				D40770502728BCB400F218DE /* Assets.xcassets in Resources */,
				D40770452728BC7900F218DE /* Main.storyboard in Resources */,
			);
			runOnlyForDeploymentPostprocessing = 0;
		};
/* End PBXResourcesBuildPhase section */

/* Begin PBXShellScriptBuildPhase section */
		D40770512728BD5100F218DE /* SwiftLint */ = {
			isa = PBXShellScriptBuildPhase;
			buildActionMask = 2147483647;
			files = (
			);
			inputFileListPaths = (
			);
			inputPaths = (
			);
			name = SwiftLint;
			outputFileListPaths = (
			);
			outputPaths = (
			);
			runOnlyForDeploymentPostprocessing = 0;
			shellPath = /bin/sh;
			shellScript = "if command -v swiftlint\nthen\n    swiftlint\nfi\n";
		};
		D4BC598D2728A75E0031211D /* SwiftLint */ = {
			isa = PBXShellScriptBuildPhase;
			buildActionMask = 2147483647;
			files = (
			);
			inputFileListPaths = (
			);
			inputPaths = (
			);
			name = SwiftLint;
			outputFileListPaths = (
			);
			outputPaths = (
			);
			runOnlyForDeploymentPostprocessing = 0;
			shellPath = /bin/sh;
			shellScript = "if command -v swiftlint\nthen\n    swiftlint\nfi\n";
		};
/* End PBXShellScriptBuildPhase section */

/* Begin PBXSourcesBuildPhase section */
		D40770372728BC7900F218DE /* Sources */ = {
			isa = PBXSourcesBuildPhase;
			buildActionMask = 2147483647;
			files = (
				D40770422728BC7900F218DE /* RVS_CalendarInputTestHarness_ViewController.swift in Sources */,
				D407703E2728BC7900F218DE /* RVS_CalendarInputTestHarness_AppDelegate.swift in Sources */,
			);
			runOnlyForDeploymentPostprocessing = 0;
		};
		D468FE4C2728A53A00C1CED3 /* Sources */ = {
			isa = PBXSourcesBuildPhase;
			buildActionMask = 2147483647;
			files = (
				D468FE5D2728A5EF00C1CED3 /* RVS_CalendarInput.swift in Sources */,
			);
			runOnlyForDeploymentPostprocessing = 0;
		};
/* End PBXSourcesBuildPhase section */

/* Begin PBXTargetDependency section */
		D40770562728BD6C00F218DE /* PBXTargetDependency */ = {
			isa = PBXTargetDependency;
			platformFilter = ios;
			target = D468FE4F2728A53A00C1CED3 /* RVS_CalendarInput */;
			targetProxy = D40770552728BD6C00F218DE /* PBXContainerItemProxy */;
		};
/* End PBXTargetDependency section */

/* Begin PBXVariantGroup section */
		D40770432728BC7900F218DE /* Main.storyboard */ = {
			isa = PBXVariantGroup;
			children = (
				D40770442728BC7900F218DE /* Base */,
			);
			name = Main.storyboard;
			sourceTree = "<group>";
		};
		D40770482728BC7A00F218DE /* LaunchScreen.storyboard */ = {
			isa = PBXVariantGroup;
			children = (
				D40770492728BC7A00F218DE /* Base */,
			);
			name = LaunchScreen.storyboard;
			sourceTree = "<group>";
		};
/* End PBXVariantGroup section */

/* Begin XCBuildConfiguration section */
		D407704D2728BC7A00F218DE /* Debug */ = {
			isa = XCBuildConfiguration;
			buildSettings = {
				ASSETCATALOG_COMPILER_APPICON_NAME = AppIcon;
				ASSETCATALOG_COMPILER_GLOBAL_ACCENT_COLOR_NAME = AccentColor;
				CODE_SIGN_STYLE = Automatic;
				CURRENT_PROJECT_VERSION = 0000;
				DEVELOPMENT_TEAM = KSAUGZFWP2;
				GENERATE_INFOPLIST_FILE = YES;
				INFOPLIST_FILE = Tests/RVS_CalendarInput/RVS_CalendarInputTestHarness/Info.plist;
				INFOPLIST_KEY_UIApplicationSupportsIndirectInputEvents = YES;
				INFOPLIST_KEY_UILaunchStoryboardName = LaunchScreen;
				INFOPLIST_KEY_UIMainStoryboardFile = Main;
				INFOPLIST_KEY_UISupportedInterfaceOrientations_iPad = "UIInterfaceOrientationPortrait UIInterfaceOrientationPortraitUpsideDown UIInterfaceOrientationLandscapeLeft UIInterfaceOrientationLandscapeRight";
				INFOPLIST_KEY_UISupportedInterfaceOrientations_iPhone = "UIInterfaceOrientationPortrait UIInterfaceOrientationLandscapeLeft UIInterfaceOrientationLandscapeRight";
				IPHONEOS_DEPLOYMENT_TARGET = 14.0;
				LD_RUNPATH_SEARCH_PATHS = (
					"$(inherited)",
					"@executable_path/Frameworks",
				);
				MARKETING_VERSION = 1.2.2;
				PRODUCT_BUNDLE_IDENTIFIER = "com.riftvalleysoftware.RVS-CalendarInputTestHarness";
				PRODUCT_NAME = "$(TARGET_NAME)";
				SWIFT_EMIT_LOC_STRINGS = YES;
				SWIFT_VERSION = 5.0;
				TARGETED_DEVICE_FAMILY = "1,2";
			};
			name = Debug;
		};
		D407704E2728BC7A00F218DE /* Release */ = {
			isa = XCBuildConfiguration;
			buildSettings = {
				ASSETCATALOG_COMPILER_APPICON_NAME = AppIcon;
				ASSETCATALOG_COMPILER_GLOBAL_ACCENT_COLOR_NAME = AccentColor;
				CODE_SIGN_STYLE = Automatic;
				CURRENT_PROJECT_VERSION = 0000;
				DEVELOPMENT_TEAM = KSAUGZFWP2;
				GENERATE_INFOPLIST_FILE = YES;
				INFOPLIST_FILE = Tests/RVS_CalendarInput/RVS_CalendarInputTestHarness/Info.plist;
				INFOPLIST_KEY_UIApplicationSupportsIndirectInputEvents = YES;
				INFOPLIST_KEY_UILaunchStoryboardName = LaunchScreen;
				INFOPLIST_KEY_UIMainStoryboardFile = Main;
				INFOPLIST_KEY_UISupportedInterfaceOrientations_iPad = "UIInterfaceOrientationPortrait UIInterfaceOrientationPortraitUpsideDown UIInterfaceOrientationLandscapeLeft UIInterfaceOrientationLandscapeRight";
				INFOPLIST_KEY_UISupportedInterfaceOrientations_iPhone = "UIInterfaceOrientationPortrait UIInterfaceOrientationLandscapeLeft UIInterfaceOrientationLandscapeRight";
				IPHONEOS_DEPLOYMENT_TARGET = 14.0;
				LD_RUNPATH_SEARCH_PATHS = (
					"$(inherited)",
					"@executable_path/Frameworks",
				);
				MARKETING_VERSION = 1.2.2;
				PRODUCT_BUNDLE_IDENTIFIER = "com.riftvalleysoftware.RVS-CalendarInputTestHarness";
				PRODUCT_NAME = "$(TARGET_NAME)";
				SWIFT_EMIT_LOC_STRINGS = YES;
				SWIFT_VERSION = 5.0;
				TARGETED_DEVICE_FAMILY = "1,2";
			};
			name = Release;
		};
		D468FE552728A53A00C1CED3 /* Debug */ = {
			isa = XCBuildConfiguration;
			buildSettings = {
				ALWAYS_SEARCH_USER_PATHS = NO;
				CLANG_ANALYZER_NONNULL = YES;
				CLANG_ANALYZER_NUMBER_OBJECT_CONVERSION = YES_AGGRESSIVE;
				CLANG_CXX_LANGUAGE_STANDARD = "gnu++17";
				CLANG_CXX_LIBRARY = "libc++";
				CLANG_ENABLE_MODULES = YES;
				CLANG_ENABLE_OBJC_ARC = YES;
				CLANG_ENABLE_OBJC_WEAK = YES;
				CLANG_WARN_BLOCK_CAPTURE_AUTORELEASING = YES;
				CLANG_WARN_BOOL_CONVERSION = YES;
				CLANG_WARN_COMMA = YES;
				CLANG_WARN_CONSTANT_CONVERSION = YES;
				CLANG_WARN_DEPRECATED_OBJC_IMPLEMENTATIONS = YES;
				CLANG_WARN_DIRECT_OBJC_ISA_USAGE = YES_ERROR;
				CLANG_WARN_DOCUMENTATION_COMMENTS = YES;
				CLANG_WARN_EMPTY_BODY = YES;
				CLANG_WARN_ENUM_CONVERSION = YES;
				CLANG_WARN_INFINITE_RECURSION = YES;
				CLANG_WARN_INT_CONVERSION = YES;
				CLANG_WARN_NON_LITERAL_NULL_CONVERSION = YES;
				CLANG_WARN_OBJC_IMPLICIT_RETAIN_SELF = YES;
				CLANG_WARN_OBJC_LITERAL_CONVERSION = YES;
				CLANG_WARN_OBJC_ROOT_CLASS = YES_ERROR;
				CLANG_WARN_QUOTED_INCLUDE_IN_FRAMEWORK_HEADER = YES;
				CLANG_WARN_RANGE_LOOP_ANALYSIS = YES;
				CLANG_WARN_STRICT_PROTOTYPES = YES;
				CLANG_WARN_SUSPICIOUS_MOVE = YES;
				CLANG_WARN_UNGUARDED_AVAILABILITY = YES_AGGRESSIVE;
				CLANG_WARN_UNREACHABLE_CODE = YES;
				CLANG_WARN__DUPLICATE_METHOD_MATCH = YES;
				COPY_PHASE_STRIP = NO;
				CURRENT_PROJECT_VERSION = 1;
				DEBUG_INFORMATION_FORMAT = dwarf;
				ENABLE_STRICT_OBJC_MSGSEND = YES;
				ENABLE_TESTABILITY = YES;
				GCC_C_LANGUAGE_STANDARD = gnu11;
				GCC_DYNAMIC_NO_PIC = NO;
				GCC_NO_COMMON_BLOCKS = YES;
				GCC_OPTIMIZATION_LEVEL = 0;
				GCC_PREPROCESSOR_DEFINITIONS = (
					"DEBUG=1",
					"$(inherited)",
				);
				GCC_WARN_64_TO_32_BIT_CONVERSION = YES;
				GCC_WARN_ABOUT_RETURN_TYPE = YES_ERROR;
				GCC_WARN_UNDECLARED_SELECTOR = YES;
				GCC_WARN_UNINITIALIZED_AUTOS = YES_AGGRESSIVE;
				GCC_WARN_UNUSED_FUNCTION = YES;
				GCC_WARN_UNUSED_VARIABLE = YES;
				IPHONEOS_DEPLOYMENT_TARGET = 14.0;
				MTL_ENABLE_DEBUG_INFO = INCLUDE_SOURCE;
				MTL_FAST_MATH = YES;
				ONLY_ACTIVE_ARCH = YES;
				SDKROOT = iphoneos;
				SWIFT_ACTIVE_COMPILATION_CONDITIONS = DEBUG;
				SWIFT_OPTIMIZATION_LEVEL = "-Onone";
				VERSIONING_SYSTEM = "apple-generic";
				VERSION_INFO_PREFIX = "";
			};
			name = Debug;
		};
		D468FE562728A53A00C1CED3 /* Release */ = {
			isa = XCBuildConfiguration;
			buildSettings = {
				ALWAYS_SEARCH_USER_PATHS = NO;
				CLANG_ANALYZER_NONNULL = YES;
				CLANG_ANALYZER_NUMBER_OBJECT_CONVERSION = YES_AGGRESSIVE;
				CLANG_CXX_LANGUAGE_STANDARD = "gnu++17";
				CLANG_CXX_LIBRARY = "libc++";
				CLANG_ENABLE_MODULES = YES;
				CLANG_ENABLE_OBJC_ARC = YES;
				CLANG_ENABLE_OBJC_WEAK = YES;
				CLANG_WARN_BLOCK_CAPTURE_AUTORELEASING = YES;
				CLANG_WARN_BOOL_CONVERSION = YES;
				CLANG_WARN_COMMA = YES;
				CLANG_WARN_CONSTANT_CONVERSION = YES;
				CLANG_WARN_DEPRECATED_OBJC_IMPLEMENTATIONS = YES;
				CLANG_WARN_DIRECT_OBJC_ISA_USAGE = YES_ERROR;
				CLANG_WARN_DOCUMENTATION_COMMENTS = YES;
				CLANG_WARN_EMPTY_BODY = YES;
				CLANG_WARN_ENUM_CONVERSION = YES;
				CLANG_WARN_INFINITE_RECURSION = YES;
				CLANG_WARN_INT_CONVERSION = YES;
				CLANG_WARN_NON_LITERAL_NULL_CONVERSION = YES;
				CLANG_WARN_OBJC_IMPLICIT_RETAIN_SELF = YES;
				CLANG_WARN_OBJC_LITERAL_CONVERSION = YES;
				CLANG_WARN_OBJC_ROOT_CLASS = YES_ERROR;
				CLANG_WARN_QUOTED_INCLUDE_IN_FRAMEWORK_HEADER = YES;
				CLANG_WARN_RANGE_LOOP_ANALYSIS = YES;
				CLANG_WARN_STRICT_PROTOTYPES = YES;
				CLANG_WARN_SUSPICIOUS_MOVE = YES;
				CLANG_WARN_UNGUARDED_AVAILABILITY = YES_AGGRESSIVE;
				CLANG_WARN_UNREACHABLE_CODE = YES;
				CLANG_WARN__DUPLICATE_METHOD_MATCH = YES;
				COPY_PHASE_STRIP = NO;
				CURRENT_PROJECT_VERSION = 1;
				DEBUG_INFORMATION_FORMAT = "dwarf-with-dsym";
				ENABLE_NS_ASSERTIONS = NO;
				ENABLE_STRICT_OBJC_MSGSEND = YES;
				GCC_C_LANGUAGE_STANDARD = gnu11;
				GCC_NO_COMMON_BLOCKS = YES;
				GCC_WARN_64_TO_32_BIT_CONVERSION = YES;
				GCC_WARN_ABOUT_RETURN_TYPE = YES_ERROR;
				GCC_WARN_UNDECLARED_SELECTOR = YES;
				GCC_WARN_UNINITIALIZED_AUTOS = YES_AGGRESSIVE;
				GCC_WARN_UNUSED_FUNCTION = YES;
				GCC_WARN_UNUSED_VARIABLE = YES;
				IPHONEOS_DEPLOYMENT_TARGET = 14.0;
				MTL_ENABLE_DEBUG_INFO = NO;
				MTL_FAST_MATH = YES;
				SDKROOT = iphoneos;
				SWIFT_COMPILATION_MODE = wholemodule;
				SWIFT_OPTIMIZATION_LEVEL = "-O";
				VALIDATE_PRODUCT = YES;
				VERSIONING_SYSTEM = "apple-generic";
				VERSION_INFO_PREFIX = "";
			};
			name = Release;
		};
		D468FE582728A53A00C1CED3 /* Debug */ = {
			isa = XCBuildConfiguration;
			buildSettings = {
				CLANG_ENABLE_MODULES = YES;
				CODE_SIGN_STYLE = Automatic;
				CURRENT_PROJECT_VERSION = 0000;
				DEFINES_MODULE = YES;
				DEVELOPMENT_TEAM = KSAUGZFWP2;
				DYLIB_COMPATIBILITY_VERSION = 1;
				DYLIB_CURRENT_VERSION = 1;
				DYLIB_INSTALL_NAME_BASE = "@rpath";
				GENERATE_INFOPLIST_FILE = YES;
				INFOPLIST_KEY_NSHumanReadableCopyright = "";
				INSTALL_PATH = "$(LOCAL_LIBRARY_DIR)/Frameworks";
				LD_RUNPATH_SEARCH_PATHS = (
					"$(inherited)",
					"@executable_path/Frameworks",
					"@loader_path/Frameworks",
				);
				MARKETING_VERSION = 1.2.2;
				PRODUCT_BUNDLE_IDENTIFIER = "com.riftvalleysoftware.RVS-CalendarInput";
				PRODUCT_NAME = "$(TARGET_NAME:c99extidentifier)";
				SKIP_INSTALL = YES;
				SUPPORTS_MACCATALYST = NO;
				SWIFT_EMIT_LOC_STRINGS = YES;
				SWIFT_OPTIMIZATION_LEVEL = "-Onone";
				SWIFT_VERSION = 5.0;
				TARGETED_DEVICE_FAMILY = "1,2";
			};
			name = Debug;
		};
		D468FE592728A53A00C1CED3 /* Release */ = {
			isa = XCBuildConfiguration;
			buildSettings = {
				CLANG_ENABLE_MODULES = YES;
				CODE_SIGN_STYLE = Automatic;
				CURRENT_PROJECT_VERSION = 0000;
				DEFINES_MODULE = YES;
				DEVELOPMENT_TEAM = KSAUGZFWP2;
				DYLIB_COMPATIBILITY_VERSION = 1;
				DYLIB_CURRENT_VERSION = 1;
				DYLIB_INSTALL_NAME_BASE = "@rpath";
				GENERATE_INFOPLIST_FILE = YES;
				INFOPLIST_KEY_NSHumanReadableCopyright = "";
				INSTALL_PATH = "$(LOCAL_LIBRARY_DIR)/Frameworks";
				LD_RUNPATH_SEARCH_PATHS = (
					"$(inherited)",
					"@executable_path/Frameworks",
					"@loader_path/Frameworks",
				);
				MARKETING_VERSION = 1.2.2;
				PRODUCT_BUNDLE_IDENTIFIER = "com.riftvalleysoftware.RVS-CalendarInput";
				PRODUCT_NAME = "$(TARGET_NAME:c99extidentifier)";
				SKIP_INSTALL = YES;
				SUPPORTS_MACCATALYST = NO;
				SWIFT_EMIT_LOC_STRINGS = YES;
				SWIFT_VERSION = 5.0;
				TARGETED_DEVICE_FAMILY = "1,2";
			};
			name = Release;
		};
/* End XCBuildConfiguration section */

/* Begin XCConfigurationList section */
		D407704C2728BC7A00F218DE /* Build configuration list for PBXNativeTarget "RVS_CalendarInputTestHarness" */ = {
			isa = XCConfigurationList;
			buildConfigurations = (
				D407704D2728BC7A00F218DE /* Debug */,
				D407704E2728BC7A00F218DE /* Release */,
			);
			defaultConfigurationIsVisible = 0;
			defaultConfigurationName = Release;
		};
		D468FE4A2728A53A00C1CED3 /* Build configuration list for PBXProject "RVS_CalendarInput" */ = {
			isa = XCConfigurationList;
			buildConfigurations = (
				D468FE552728A53A00C1CED3 /* Debug */,
				D468FE562728A53A00C1CED3 /* Release */,
			);
			defaultConfigurationIsVisible = 0;
			defaultConfigurationName = Release;
		};
		D468FE572728A53A00C1CED3 /* Build configuration list for PBXNativeTarget "RVS_CalendarInput" */ = {
			isa = XCConfigurationList;
			buildConfigurations = (
				D468FE582728A53A00C1CED3 /* Debug */,
				D468FE592728A53A00C1CED3 /* Release */,
			);
			defaultConfigurationIsVisible = 0;
			defaultConfigurationName = Release;
		};
/* End XCConfigurationList section */
	};
	rootObject = D468FE472728A53A00C1CED3 /* Project object */;
}
